Microsoft Visual Studio Solution File, Format Version 11.00
# Visual C# Express 2010
Project("{FAE04EC0-301F-11D3-BF4B-00C04F79EFBC}") = "IceBlinkScript", "IceBlinkScript\IceBlinkScript.csproj", "{B9CAF699-4A51-419F-9E80-69BB265F4E15}"
EndProject
Global
	GlobalSection(SolutionConfigurationPlatforms) = preSolution
		Debug|Any CPU = Debug|Any CPU
		Release|Any CPU = Release|Any CPU
	EndGlobalSection
	GlobalSection(ProjectConfigurationPlatforms) = postSolution
		{B9CAF699-4A51-419F-9E80-69BB265F4E15}.Debug|Any CPU.ActiveCfg = Debug|Any CPU
		{B9CAF699-4A51-419F-9E80-69BB265F4E15}.Debug|Any CPU.Build.0 = Debug|Any CPU
		{B9CAF699-4A51-419F-9E80-69BB265F4E15}.Release|Any CPU.ActiveCfg = Release|Any CPU
		{B9CAF699-4A51-419F-9E80-69BB265F4E15}.Release|Any CPU.Build.0 = Release|Any CPU
	EndGlobalSection
	GlobalSection(SolutionProperties) = preSolution
		HideSolutionNode = FALSE
	EndGlobalSection
EndGlobal
